
Microsoft Visual Studio Solution File, Format Version 12.00
# Visual Studio Version 17
VisualStudioVersion = 17.3.32929.385
MinimumVisualStudioVersion = 10.0.40219.1
Project("{FAE04EC0-301F-11D3-BF4B-00C04F79EFBC}") = "MethodsExercise2", "MethodsExercise2\MethodsExercise2.csproj", "{0A780E62-90BF-45C2-89FD-66ECA4D9B9A3}"
EndProject
Global
	GlobalSection(SolutionConfigurationPlatforms) = preSolution
		Debug|Any CPU = Debug|Any CPU
		Release|Any CPU = Release|Any CPU
	EndGlobalSection
	GlobalSection(ProjectConfigurationPlatforms) = postSolution
		{0A780E62-90BF-45C2-89FD-66ECA4D9B9A3}.Debug|Any CPU.ActiveCfg = Debug|Any CPU
		{0A780E62-90BF-45C2-89FD-66ECA4D9B9A3}.Debug|Any CPU.Build.0 = Debug|Any CPU
		{0A780E62-90BF-45C2-89FD-66ECA4D9B9A3}.Release|Any CPU.ActiveCfg = Release|Any CPU
		{0A780E62-90BF-45C2-89FD-66ECA4D9B9A3}.Release|Any CPU.Build.0 = Release|Any CPU
	EndGlobalSection
	GlobalSection(SolutionProperties) = preSolution
		HideSolutionNode = FALSE
	EndGlobalSection
	GlobalSection(ExtensibilityGlobals) = postSolution
		SolutionGuid = {80B8560C-980C-4C6D-A0CF-DD46EA537252}
	EndGlobalSection
EndGlobal
