
Microsoft Visual Studio Solution File, Format Version 12.00
# Visual Studio Version 17
VisualStudioVersion = 17.3.32929.385
MinimumVisualStudioVersion = 10.0.40219.1
Project("{FAE04EC0-301F-11D3-BF4B-00C04F79EFBC}") = "DateTimeExercise", "DateTimeExercise\DateTimeExercise.csproj", "{FD8C79AE-C91F-481E-A09D-F810E7AD04C0}"
EndProject
Global
	GlobalSection(SolutionConfigurationPlatforms) = preSolution
		Debug|Any CPU = Debug|Any CPU
		Release|Any CPU = Release|Any CPU
	EndGlobalSection
	GlobalSection(ProjectConfigurationPlatforms) = postSolution
		{FD8C79AE-C91F-481E-A09D-F810E7AD04C0}.Debug|Any CPU.ActiveCfg = Debug|Any CPU
		{FD8C79AE-C91F-481E-A09D-F810E7AD04C0}.Debug|Any CPU.Build.0 = Debug|Any CPU
		{FD8C79AE-C91F-481E-A09D-F810E7AD04C0}.Release|Any CPU.ActiveCfg = Release|Any CPU
		{FD8C79AE-C91F-481E-A09D-F810E7AD04C0}.Release|Any CPU.Build.0 = Release|Any CPU
	EndGlobalSection
	GlobalSection(SolutionProperties) = preSolution
		HideSolutionNode = FALSE
	EndGlobalSection
	GlobalSection(ExtensibilityGlobals) = postSolution
		SolutionGuid = {F3F19404-01FB-47A3-B9DD-CB77A606E325}
	EndGlobalSection
EndGlobal
