
Microsoft Visual Studio Solution File, Format Version 12.00
# Visual Studio Version 17
VisualStudioVersion = 17.3.32929.385
MinimumVisualStudioVersion = 10.0.40219.1
Project("{FAE04EC0-301F-11D3-BF4B-00C04F79EFBC}") = "TryCatchExercise", "TryCatchExercise\TryCatchExercise.csproj", "{006B3326-BBFB-4585-B138-A3A3FDD39416}"
EndProject
Global
	GlobalSection(SolutionConfigurationPlatforms) = preSolution
		Debug|Any CPU = Debug|Any CPU
		Release|Any CPU = Release|Any CPU
	EndGlobalSection
	GlobalSection(ProjectConfigurationPlatforms) = postSolution
		{006B3326-BBFB-4585-B138-A3A3FDD39416}.Debug|Any CPU.ActiveCfg = Debug|Any CPU
		{006B3326-BBFB-4585-B138-A3A3FDD39416}.Debug|Any CPU.Build.0 = Debug|Any CPU
		{006B3326-BBFB-4585-B138-A3A3FDD39416}.Release|Any CPU.ActiveCfg = Release|Any CPU
		{006B3326-BBFB-4585-B138-A3A3FDD39416}.Release|Any CPU.Build.0 = Release|Any CPU
	EndGlobalSection
	GlobalSection(SolutionProperties) = preSolution
		HideSolutionNode = FALSE
	EndGlobalSection
	GlobalSection(ExtensibilityGlobals) = postSolution
		SolutionGuid = {9C1127B7-282C-4199-B22B-21A8E738113A}
	EndGlobalSection
EndGlobal
